
Microsoft Visual Studio Solution File, Format Version 12.00
# Visual Studio 14
VisualStudioVersion = 14.0.25420.1
MinimumVisualStudioVersion = 10.0.40219.1
Project("{FAE04EC0-301F-11D3-BF4B-00C04F79EFBC}") = "Ex05_LogicOthelo", "Ex05_LogicOthelo\Ex05_LogicOthelo.csproj", "{24F20E18-45EE-4A82-98DE-B7E8D979BCDA}"
EndProject
Project("{FAE04EC0-301F-11D3-BF4B-00C04F79EFBC}") = "Ex05_UIOthelo", "Ex05_UiOthelo\Ex05_UIOthelo.csproj", "{D995D4E0-31A0-4BBD-B767-E44072EE230B}"
EndProject
Global
	GlobalSection(SolutionConfigurationPlatforms) = preSolution
		Debug|Any CPU = Debug|Any CPU
		Release|Any CPU = Release|Any CPU
	EndGlobalSection
	GlobalSection(ProjectConfigurationPlatforms) = postSolution
		{24F20E18-45EE-4A82-98DE-B7E8D979BCDA}.Debug|Any CPU.ActiveCfg = Debug|Any CPU
		{24F20E18-45EE-4A82-98DE-B7E8D979BCDA}.Debug|Any CPU.Build.0 = Debug|Any CPU
		{24F20E18-45EE-4A82-98DE-B7E8D979BCDA}.Release|Any CPU.ActiveCfg = Release|Any CPU
		{24F20E18-45EE-4A82-98DE-B7E8D979BCDA}.Release|Any CPU.Build.0 = Release|Any CPU
		{D995D4E0-31A0-4BBD-B767-E44072EE230B}.Debug|Any CPU.ActiveCfg = Debug|Any CPU
		{D995D4E0-31A0-4BBD-B767-E44072EE230B}.Debug|Any CPU.Build.0 = Debug|Any CPU
		{D995D4E0-31A0-4BBD-B767-E44072EE230B}.Release|Any CPU.ActiveCfg = Release|Any CPU
		{D995D4E0-31A0-4BBD-B767-E44072EE230B}.Release|Any CPU.Build.0 = Release|Any CPU
	EndGlobalSection
	GlobalSection(SolutionProperties) = preSolution
		HideSolutionNode = FALSE
	EndGlobalSection
EndGlobal
